# THIS IS AN AUTOGENERATED FILE. DO NOT EDIT THIS FILE DIRECTLY.
# yarn lockfile v1


vue-material@^0.7.4:
  version "0.7.4"
  resolved "https://registry.yarnpkg.com/vue-material/-/vue-material-0.7.4.tgz#51ac621a3fceeba3ea49ffe0858c0b45785efe10"
  dependencies:
    vue "^2.3.3"

vue@^2.3.3:
  version "2.4.2"
  resolved "https://registry.yarnpkg.com/vue/-/vue-2.4.2.tgz#a9855261f191c978cc0dc1150531b8d08149b58c"
